
Microsoft Visual Studio Solution File, Format Version 12.00
# Visual Studio Version 17
VisualStudioVersion = 17.6.33723.286
MinimumVisualStudioVersion = 10.0.40219.1
Project("{2150E333-8FDC-42A3-9474-1A3956D46DE8}") = "Services", "Services", "{FF174C52-D51C-412C-8242-9D8F3366D665}"
EndProject
Project("{2150E333-8FDC-42A3-9474-1A3956D46DE8}") = "Catalog", "Catalog", "{AC4747D1-9E62-4471-A823-1D5D64ECA31E}"
EndProject
Project("{2150E333-8FDC-42A3-9474-1A3956D46DE8}") = "Catalog.Api", "Catalog.Api", "{B9CB06EE-D56C-4EC1-92A7-6688DCE1CD29}"
EndProject
Project("{9A19103F-16F7-4668-BE54-9A1E7A4F7556}") = "Catalog.Api", "Services\Catalog\Catalog.Api\Catalog.Api.csproj", "{22F056BF-3310-483E-9943-F2843A488CDA}"
EndProject
Project("{E53339B2-1760-4266-BCC7-CA923CBCF16C}") = "docker-compose", "docker-compose.dcproj", "{631DFB02-5FD7-4CFB-AB01-E94C73F6A885}"
EndProject
Project("{2150E333-8FDC-42A3-9474-1A3956D46DE8}") = "Basket", "Basket", "{D23F7FFA-FEE0-4FA8-910D-CA0310CE628A}"
EndProject
Project("{FAE04EC0-301F-11D3-BF4B-00C04F79EFBC}") = "Basket.API", "Services\Basket\Basket.API\Basket.API.csproj", "{E803A6DD-41D7-475E-A8DF-0C4AE3B28D28}"
EndProject
Global
	GlobalSection(SolutionConfigurationPlatforms) = preSolution
		Debug|Any CPU = Debug|Any CPU
		Release|Any CPU = Release|Any CPU
	EndGlobalSection
	GlobalSection(ProjectConfigurationPlatforms) = postSolution
		{22F056BF-3310-483E-9943-F2843A488CDA}.Debug|Any CPU.ActiveCfg = Debug|Any CPU
		{22F056BF-3310-483E-9943-F2843A488CDA}.Debug|Any CPU.Build.0 = Debug|Any CPU
		{22F056BF-3310-483E-9943-F2843A488CDA}.Release|Any CPU.ActiveCfg = Release|Any CPU
		{22F056BF-3310-483E-9943-F2843A488CDA}.Release|Any CPU.Build.0 = Release|Any CPU
		{631DFB02-5FD7-4CFB-AB01-E94C73F6A885}.Debug|Any CPU.ActiveCfg = Debug|Any CPU
		{631DFB02-5FD7-4CFB-AB01-E94C73F6A885}.Debug|Any CPU.Build.0 = Debug|Any CPU
		{631DFB02-5FD7-4CFB-AB01-E94C73F6A885}.Release|Any CPU.ActiveCfg = Release|Any CPU
		{631DFB02-5FD7-4CFB-AB01-E94C73F6A885}.Release|Any CPU.Build.0 = Release|Any CPU
		{E803A6DD-41D7-475E-A8DF-0C4AE3B28D28}.Debug|Any CPU.ActiveCfg = Debug|Any CPU
		{E803A6DD-41D7-475E-A8DF-0C4AE3B28D28}.Debug|Any CPU.Build.0 = Debug|Any CPU
		{E803A6DD-41D7-475E-A8DF-0C4AE3B28D28}.Release|Any CPU.ActiveCfg = Release|Any CPU
		{E803A6DD-41D7-475E-A8DF-0C4AE3B28D28}.Release|Any CPU.Build.0 = Release|Any CPU
	EndGlobalSection
	GlobalSection(SolutionProperties) = preSolution
		HideSolutionNode = FALSE
	EndGlobalSection
	GlobalSection(NestedProjects) = preSolution
		{AC4747D1-9E62-4471-A823-1D5D64ECA31E} = {FF174C52-D51C-412C-8242-9D8F3366D665}
		{B9CB06EE-D56C-4EC1-92A7-6688DCE1CD29} = {AC4747D1-9E62-4471-A823-1D5D64ECA31E}
		{22F056BF-3310-483E-9943-F2843A488CDA} = {B9CB06EE-D56C-4EC1-92A7-6688DCE1CD29}
		{D23F7FFA-FEE0-4FA8-910D-CA0310CE628A} = {FF174C52-D51C-412C-8242-9D8F3366D665}
		{E803A6DD-41D7-475E-A8DF-0C4AE3B28D28} = {D23F7FFA-FEE0-4FA8-910D-CA0310CE628A}
	EndGlobalSection
	GlobalSection(ExtensibilityGlobals) = postSolution
		SolutionGuid = {40052028-DB2E-4F18-A76F-875D2EAD6418}
	EndGlobalSection
EndGlobal
